
Microsoft Visual Studio Solution File, Format Version 12.00
# Visual Studio Version 17
VisualStudioVersion = 17.13.35913.81 d17.13
MinimumVisualStudioVersion = 10.0.40219.1
Project("{54A90642-561A-4BB1-A94E-469ADEE60C69}") = "appmaterace.client", "appmaterace.client\appmaterace.client.esproj", "{95E5CF47-F025-1137-563B-362D398D4465}"
EndProject
Project("{FAE04EC0-301F-11D3-BF4B-00C04F79EFBC}") = "AppMaterace.Server", "AppMaterace.Server\AppMaterace.Server.csproj", "{9B1621D5-9D87-468E-9A3E-230275747F17}"
EndProject
Global
	GlobalSection(SolutionConfigurationPlatforms) = preSolution
		Debug|Any CPU = Debug|Any CPU
		Release|Any CPU = Release|Any CPU
	EndGlobalSection
	GlobalSection(ProjectConfigurationPlatforms) = postSolution
		{95E5CF47-F025-1137-563B-362D398D4465}.Debug|Any CPU.ActiveCfg = Debug|Any CPU
		{95E5CF47-F025-1137-563B-362D398D4465}.Debug|Any CPU.Build.0 = Debug|Any CPU
		{95E5CF47-F025-1137-563B-362D398D4465}.Debug|Any CPU.Deploy.0 = Debug|Any CPU
		{95E5CF47-F025-1137-563B-362D398D4465}.Release|Any CPU.ActiveCfg = Release|Any CPU
		{95E5CF47-F025-1137-563B-362D398D4465}.Release|Any CPU.Build.0 = Release|Any CPU
		{95E5CF47-F025-1137-563B-362D398D4465}.Release|Any CPU.Deploy.0 = Release|Any CPU
		{9B1621D5-9D87-468E-9A3E-230275747F17}.Debug|Any CPU.ActiveCfg = Debug|Any CPU
		{9B1621D5-9D87-468E-9A3E-230275747F17}.Debug|Any CPU.Build.0 = Debug|Any CPU
		{9B1621D5-9D87-468E-9A3E-230275747F17}.Release|Any CPU.ActiveCfg = Release|Any CPU
		{9B1621D5-9D87-468E-9A3E-230275747F17}.Release|Any CPU.Build.0 = Release|Any CPU
	EndGlobalSection
	GlobalSection(SolutionProperties) = preSolution
		HideSolutionNode = FALSE
	EndGlobalSection
	GlobalSection(ExtensibilityGlobals) = postSolution
		SolutionGuid = {B42913BB-AB96-40FA-B810-6637170A2E58}
	EndGlobalSection
EndGlobal
